// !$*UTF8*$!
{
	archiveVersion = 1;
	classes = {
	};
	objectVersion = 55;
	objects = {

/* Begin PBXBuildFile section */
		AE5ABCC427C46B740074E50C /* AppDelegate.swift in Sources */ = {isa = PBXBuildFile; fileRef = AE5ABCC327C46B740074E50C /* AppDelegate.swift */; };
		AE5ABCC627C46B740074E50C /* SceneDelegate.swift in Sources */ = {isa = PBXBuildFile; fileRef = AE5ABCC527C46B740074E50C /* SceneDelegate.swift */; };
		AE5ABCC827C46B740074E50C /* HomeViewController.swift in Sources */ = {isa = PBXBuildFile; fileRef = AE5ABCC727C46B740074E50C /* HomeViewController.swift */; };
		AE5ABCCD27C46B770074E50C /* Assets.xcassets in Resources */ = {isa = PBXBuildFile; fileRef = AE5ABCCC27C46B770074E50C /* Assets.xcassets */; };
		AE5ABCD027C46B770074E50C /* LaunchScreen.storyboard in Resources */ = {isa = PBXBuildFile; fileRef = AE5ABCCE27C46B770074E50C /* LaunchScreen.storyboard */; };
		AE5ABCDB27C46C710074E50C /* Rubik-Bold.ttf in Resources */ = {isa = PBXBuildFile; fileRef = AE5ABCD727C46C710074E50C /* Rubik-Bold.ttf */; };
		AE5ABCDD27C46C710074E50C /* Rubik-Regular.ttf in Resources */ = {isa = PBXBuildFile; fileRef = AE5ABCD927C46C710074E50C /* Rubik-Regular.ttf */; };
		AE5ABCDE27C46C710074E50C /* Rubik-SemiBold.ttf in Resources */ = {isa = PBXBuildFile; fileRef = AE5ABCDA27C46C710074E50C /* Rubik-SemiBold.ttf */; };
		AE5ABCDF27C46C780074E50C /* Rubik-Light.ttf in Resources */ = {isa = PBXBuildFile; fileRef = AE5ABCD827C46C710074E50C /* Rubik-Light.ttf */; };
/* End PBXBuildFile section */

/* Begin PBXFileReference section */
		AE5ABCC027C46B740074E50C /* Werdd.app */ = {isa = PBXFileReference; explicitFileType = wrapper.application; includeInIndex = 0; path = Werdd.app; sourceTree = BUILT_PRODUCTS_DIR; };
		AE5ABCC327C46B740074E50C /* AppDelegate.swift */ = {isa = PBXFileReference; lastKnownFileType = sourcecode.swift; path = AppDelegate.swift; sourceTree = "<group>"; };
		AE5ABCC527C46B740074E50C /* SceneDelegate.swift */ = {isa = PBXFileReference; lastKnownFileType = sourcecode.swift; path = SceneDelegate.swift; sourceTree = "<group>"; };
		AE5ABCC727C46B740074E50C /* HomeViewController.swift */ = {isa = PBXFileReference; lastKnownFileType = sourcecode.swift; path = HomeViewController.swift; sourceTree = "<group>"; };
		AE5ABCCC27C46B770074E50C /* Assets.xcassets */ = {isa = PBXFileReference; lastKnownFileType = folder.assetcatalog; path = Assets.xcassets; sourceTree = "<group>"; };
		AE5ABCCF27C46B770074E50C /* Base */ = {isa = PBXFileReference; lastKnownFileType = file.storyboard; name = Base; path = Base.lproj/LaunchScreen.storyboard; sourceTree = "<group>"; };
		AE5ABCD127C46B770074E50C /* Info.plist */ = {isa = PBXFileReference; lastKnownFileType = text.plist.xml; path = Info.plist; sourceTree = "<group>"; };
		AE5ABCD727C46C710074E50C /* Rubik-Bold.ttf */ = {isa = PBXFileReference; lastKnownFileType = file; path = "Rubik-Bold.ttf"; sourceTree = "<group>"; };
		AE5ABCD827C46C710074E50C /* Rubik-Light.ttf */ = {isa = PBXFileReference; lastKnownFileType = file; path = "Rubik-Light.ttf"; sourceTree = "<group>"; };
		AE5ABCD927C46C710074E50C /* Rubik-Regular.ttf */ = {isa = PBXFileReference; lastKnownFileType = file; path = "Rubik-Regular.ttf"; sourceTree = "<group>"; };
		AE5ABCDA27C46C710074E50C /* Rubik-SemiBold.ttf */ = {isa = PBXFileReference; lastKnownFileType = file; path = "Rubik-SemiBold.ttf"; sourceTree = "<group>"; };
/* End PBXFileReference section */

/* Begin PBXFrameworksBuildPhase section */
		AE5ABCBD27C46B740074E50C /* Frameworks */ = {
			isa = PBXFrameworksBuildPhase;
			buildActionMask = 2147483647;
			files = (
			);
			runOnlyForDeploymentPostprocessing = 0;
		};
/* End PBXFrameworksBuildPhase section */

/* Begin PBXGroup section */
		AE5ABCB727C46B740074E50C = {
			isa = PBXGroup;
			children = (
				AE5ABCC227C46B740074E50C /* Werdd */,
				AE5ABCC127C46B740074E50C /* Products */,
			);
			sourceTree = "<group>";
		};
		AE5ABCC127C46B740074E50C /* Products */ = {
			isa = PBXGroup;
			children = (
				AE5ABCC027C46B740074E50C /* Werdd.app */,
			);
			name = Products;
			sourceTree = "<group>";
		};
		AE5ABCC227C46B740074E50C /* Werdd */ = {
			isa = PBXGroup;
			children = (
				AE5ABCE027C46C7D0074E50C /* Rubik */,
				AE5ABCC327C46B740074E50C /* AppDelegate.swift */,
				AE5ABCC527C46B740074E50C /* SceneDelegate.swift */,
				AE5ABCC727C46B740074E50C /* HomeViewController.swift */,
				AE5ABCCC27C46B770074E50C /* Assets.xcassets */,
				AE5ABCCE27C46B770074E50C /* LaunchScreen.storyboard */,
				AE5ABCD127C46B770074E50C /* Info.plist */,
			);
			path = Werdd;
			sourceTree = "<group>";
		};
		AE5ABCE027C46C7D0074E50C /* Rubik */ = {
			isa = PBXGroup;
			children = (
				AE5ABCD727C46C710074E50C /* Rubik-Bold.ttf */,
				AE5ABCD827C46C710074E50C /* Rubik-Light.ttf */,
				AE5ABCD927C46C710074E50C /* Rubik-Regular.ttf */,
				AE5ABCDA27C46C710074E50C /* Rubik-SemiBold.ttf */,
			);
			path = Rubik;
			sourceTree = "<group>";
		};
/* End PBXGroup section */

/* Begin PBXNativeTarget section */
		AE5ABCBF27C46B740074E50C /* Werdd */ = {
			isa = PBXNativeTarget;
			buildConfigurationList = AE5ABCD427C46B770074E50C /* Build configuration list for PBXNativeTarget "Werdd" */;
			buildPhases = (
				AE5ABCBC27C46B740074E50C /* Sources */,
				AE5ABCBD27C46B740074E50C /* Frameworks */,
				AE5ABCBE27C46B740074E50C /* Resources */,
			);
			buildRules = (
			);
			dependencies = (
			);
			name = Werdd;
			productName = Werdd;
			productReference = AE5ABCC027C46B740074E50C /* Werdd.app */;
			productType = "com.apple.product-type.application";
		};
/* End PBXNativeTarget section */

/* Begin PBXProject section */
		AE5ABCB827C46B740074E50C /* Project object */ = {
			isa = PBXProject;
			attributes = {
				BuildIndependentTargetsInParallel = 1;
				LastSwiftUpdateCheck = 1320;
				LastUpgradeCheck = 1320;
				TargetAttributes = {
					AE5ABCBF27C46B740074E50C = {
						CreatedOnToolsVersion = 13.2.1;
					};
				};
			};
			buildConfigurationList = AE5ABCBB27C46B740074E50C /* Build configuration list for PBXProject "Werdd" */;
			compatibilityVersion = "Xcode 13.0";
			developmentRegion = en;
			hasScannedForEncodings = 0;
			knownRegions = (
				en,
				Base,
			);
			mainGroup = AE5ABCB727C46B740074E50C;
			productRefGroup = AE5ABCC127C46B740074E50C /* Products */;
			projectDirPath = "";
			projectRoot = "";
			targets = (
				AE5ABCBF27C46B740074E50C /* Werdd */,
			);
		};
/* End PBXProject section */

/* Begin PBXResourcesBuildPhase section */
		AE5ABCBE27C46B740074E50C /* Resources */ = {
			isa = PBXResourcesBuildPhase;
			buildActionMask = 2147483647;
			files = (
				AE5ABCD027C46B770074E50C /* LaunchScreen.storyboard in Resources */,
				AE5ABCDF27C46C780074E50C /* Rubik-Light.ttf in Resources */,
				AE5ABCDB27C46C710074E50C /* Rubik-Bold.ttf in Resources */,
				AE5ABCDE27C46C710074E50C /* Rubik-SemiBold.ttf in Resources */,
				AE5ABCDD27C46C710074E50C /* Rubik-Regular.ttf in Resources */,
				AE5ABCCD27C46B770074E50C /* Assets.xcassets in Resources */,
			);
			runOnlyForDeploymentPostprocessing = 0;
		};
/* End PBXResourcesBuildPhase section */

/* Begin PBXSourcesBuildPhase section */
		AE5ABCBC27C46B740074E50C /* Sources */ = {
			isa = PBXSourcesBuildPhase;
			buildActionMask = 2147483647;
			files = (
				AE5ABCC827C46B740074E50C /* HomeViewController.swift in Sources */,
				AE5ABCC427C46B740074E50C /* AppDelegate.swift in Sources */,
				AE5ABCC627C46B740074E50C /* SceneDelegate.swift in Sources */,
			);
			runOnlyForDeploymentPostprocessing = 0;
		};
/* End PBXSourcesBuildPhase section */

/* Begin PBXVariantGroup section */
		AE5ABCCE27C46B770074E50C /* LaunchScreen.storyboard */ = {
			isa = PBXVariantGroup;
			children = (
				AE5ABCCF27C46B770074E50C /* Base */,
			);
			name = LaunchScreen.storyboard;
			sourceTree = "<group>";
		};
/* End PBXVariantGroup section */

/* Begin XCBuildConfiguration section */
		AE5ABCD227C46B770074E50C /* Debug */ = {
			isa = XCBuildConfiguration;
			buildSettings = {
				ALWAYS_SEARCH_USER_PATHS = NO;
				CLANG_ANALYZER_NONNULL = YES;
				CLANG_ANALYZER_NUMBER_OBJECT_CONVERSION = YES_AGGRESSIVE;
				CLANG_CXX_LANGUAGE_STANDARD = "gnu++17";
				CLANG_CXX_LIBRARY = "libc++";
				CLANG_ENABLE_MODULES = YES;
				CLANG_ENABLE_OBJC_ARC = YES;
				CLANG_ENABLE_OBJC_WEAK = YES;
				CLANG_WARN_BLOCK_CAPTURE_AUTORELEASING = YES;
				CLANG_WARN_BOOL_CONVERSION = YES;
				CLANG_WARN_COMMA = YES;
				CLANG_WARN_CONSTANT_CONVERSION = YES;
				CLANG_WARN_DEPRECATED_OBJC_IMPLEMENTATIONS = YES;
				CLANG_WARN_DIRECT_OBJC_ISA_USAGE = YES_ERROR;
				CLANG_WARN_DOCUMENTATION_COMMENTS = YES;
				CLANG_WARN_EMPTY_BODY = YES;
				CLANG_WARN_ENUM_CONVERSION = YES;
				CLANG_WARN_INFINITE_RECURSION = YES;
				CLANG_WARN_INT_CONVERSION = YES;
				CLANG_WARN_NON_LITERAL_NULL_CONVERSION = YES;
				CLANG_WARN_OBJC_IMPLICIT_RETAIN_SELF = YES;
				CLANG_WARN_OBJC_LITERAL_CONVERSION = YES;
				CLANG_WARN_OBJC_ROOT_CLASS = YES_ERROR;
				CLANG_WARN_QUOTED_INCLUDE_IN_FRAMEWORK_HEADER = YES;
				CLANG_WARN_RANGE_LOOP_ANALYSIS = YES;
				CLANG_WARN_STRICT_PROTOTYPES = YES;
				CLANG_WARN_SUSPICIOUS_MOVE = YES;
				CLANG_WARN_UNGUARDED_AVAILABILITY = YES_AGGRESSIVE;
				CLANG_WARN_UNREACHABLE_CODE = YES;
				CLANG_WARN__DUPLICATE_METHOD_MATCH = YES;
				COPY_PHASE_STRIP = NO;
				DEBUG_INFORMATION_FORMAT = dwarf;
				ENABLE_STRICT_OBJC_MSGSEND = YES;
				ENABLE_TESTABILITY = YES;
				GCC_C_LANGUAGE_STANDARD = gnu11;
				GCC_DYNAMIC_NO_PIC = NO;
				GCC_NO_COMMON_BLOCKS = YES;
				GCC_OPTIMIZATION_LEVEL = 0;
				GCC_PREPROCESSOR_DEFINITIONS = (
					"DEBUG=1",
					"$(inherited)",
				);
				GCC_WARN_64_TO_32_BIT_CONVERSION = YES;
				GCC_WARN_ABOUT_RETURN_TYPE = YES_ERROR;
				GCC_WARN_UNDECLARED_SELECTOR = YES;
				GCC_WARN_UNINITIALIZED_AUTOS = YES_AGGRESSIVE;
				GCC_WARN_UNUSED_FUNCTION = YES;
				GCC_WARN_UNUSED_VARIABLE = YES;
				IPHONEOS_DEPLOYMENT_TARGET = 15.2;
				MTL_ENABLE_DEBUG_INFO = INCLUDE_SOURCE;
				MTL_FAST_MATH = YES;
				ONLY_ACTIVE_ARCH = YES;
				SDKROOT = iphoneos;
				SWIFT_ACTIVE_COMPILATION_CONDITIONS = DEBUG;
				SWIFT_OPTIMIZATION_LEVEL = "-Onone";
			};
			name = Debug;
		};
		AE5ABCD327C46B770074E50C /* Release */ = {
			isa = XCBuildConfiguration;
			buildSettings = {
				ALWAYS_SEARCH_USER_PATHS = NO;
				CLANG_ANALYZER_NONNULL = YES;
				CLANG_ANALYZER_NUMBER_OBJECT_CONVERSION = YES_AGGRESSIVE;
				CLANG_CXX_LANGUAGE_STANDARD = "gnu++17";
				CLANG_CXX_LIBRARY = "libc++";
				CLANG_ENABLE_MODULES = YES;
				CLANG_ENABLE_OBJC_ARC = YES;
				CLANG_ENABLE_OBJC_WEAK = YES;
				CLANG_WARN_BLOCK_CAPTURE_AUTORELEASING = YES;
				CLANG_WARN_BOOL_CONVERSION = YES;
				CLANG_WARN_COMMA = YES;
				CLANG_WARN_CONSTANT_CONVERSION = YES;
				CLANG_WARN_DEPRECATED_OBJC_IMPLEMENTATIONS = YES;
				CLANG_WARN_DIRECT_OBJC_ISA_USAGE = YES_ERROR;
				CLANG_WARN_DOCUMENTATION_COMMENTS = YES;
				CLANG_WARN_EMPTY_BODY = YES;
				CLANG_WARN_ENUM_CONVERSION = YES;
				CLANG_WARN_INFINITE_RECURSION = YES;
				CLANG_WARN_INT_CONVERSION = YES;
				CLANG_WARN_NON_LITERAL_NULL_CONVERSION = YES;
				CLANG_WARN_OBJC_IMPLICIT_RETAIN_SELF = YES;
				CLANG_WARN_OBJC_LITERAL_CONVERSION = YES;
				CLANG_WARN_OBJC_ROOT_CLASS = YES_ERROR;
				CLANG_WARN_QUOTED_INCLUDE_IN_FRAMEWORK_HEADER = YES;
				CLANG_WARN_RANGE_LOOP_ANALYSIS = YES;
				CLANG_WARN_STRICT_PROTOTYPES = YES;
				CLANG_WARN_SUSPICIOUS_MOVE = YES;
				CLANG_WARN_UNGUARDED_AVAILABILITY = YES_AGGRESSIVE;
				CLANG_WARN_UNREACHABLE_CODE = YES;
				CLANG_WARN__DUPLICATE_METHOD_MATCH = YES;
				COPY_PHASE_STRIP = NO;
				DEBUG_INFORMATION_FORMAT = "dwarf-with-dsym";
				ENABLE_NS_ASSERTIONS = NO;
				ENABLE_STRICT_OBJC_MSGSEND = YES;
				GCC_C_LANGUAGE_STANDARD = gnu11;
				GCC_NO_COMMON_BLOCKS = YES;
				GCC_WARN_64_TO_32_BIT_CONVERSION = YES;
				GCC_WARN_ABOUT_RETURN_TYPE = YES_ERROR;
				GCC_WARN_UNDECLARED_SELECTOR = YES;
				GCC_WARN_UNINITIALIZED_AUTOS = YES_AGGRESSIVE;
				GCC_WARN_UNUSED_FUNCTION = YES;
				GCC_WARN_UNUSED_VARIABLE = YES;
				IPHONEOS_DEPLOYMENT_TARGET = 15.2;
				MTL_ENABLE_DEBUG_INFO = NO;
				MTL_FAST_MATH = YES;
				SDKROOT = iphoneos;
				SWIFT_COMPILATION_MODE = wholemodule;
				SWIFT_OPTIMIZATION_LEVEL = "-O";
				VALIDATE_PRODUCT = YES;
			};
			name = Release;
		};
		AE5ABCD527C46B770074E50C /* Debug */ = {
			isa = XCBuildConfiguration;
			buildSettings = {
				ASSETCATALOG_COMPILER_APPICON_NAME = AppIcon;
				ASSETCATALOG_COMPILER_GLOBAL_ACCENT_COLOR_NAME = AccentColor;
				CODE_SIGN_STYLE = Automatic;
				CURRENT_PROJECT_VERSION = 1;
				DEVELOPMENT_TEAM = C62Y8SVBJ2;
				GENERATE_INFOPLIST_FILE = YES;
				INFOPLIST_FILE = Werdd/Info.plist;
				INFOPLIST_KEY_UIApplicationSupportsIndirectInputEvents = YES;
				INFOPLIST_KEY_UILaunchStoryboardName = LaunchScreen;
				INFOPLIST_KEY_UISupportedInterfaceOrientations_iPad = "UIInterfaceOrientationPortrait UIInterfaceOrientationPortraitUpsideDown UIInterfaceOrientationLandscapeLeft UIInterfaceOrientationLandscapeRight";
				INFOPLIST_KEY_UISupportedInterfaceOrientations_iPhone = "UIInterfaceOrientationPortrait UIInterfaceOrientationLandscapeLeft UIInterfaceOrientationLandscapeRight";
				LD_RUNPATH_SEARCH_PATHS = (
					"$(inherited)",
					"@executable_path/Frameworks",
				);
				MARKETING_VERSION = 1.0;
				PRODUCT_BUNDLE_IDENTIFIER = com.hanko.Werdd;
				PRODUCT_NAME = "$(TARGET_NAME)";
				SWIFT_EMIT_LOC_STRINGS = YES;
				SWIFT_VERSION = 5.0;
				TARGETED_DEVICE_FAMILY = "1,2";
			};
			name = Debug;
		};
		AE5ABCD627C46B770074E50C /* Release */ = {
			isa = XCBuildConfiguration;
			buildSettings = {
				ASSETCATALOG_COMPILER_APPICON_NAME = AppIcon;
				ASSETCATALOG_COMPILER_GLOBAL_ACCENT_COLOR_NAME = AccentColor;
				CODE_SIGN_STYLE = Automatic;
				CURRENT_PROJECT_VERSION = 1;
				DEVELOPMENT_TEAM = C62Y8SVBJ2;
				GENERATE_INFOPLIST_FILE = YES;
				INFOPLIST_FILE = Werdd/Info.plist;
				INFOPLIST_KEY_UIApplicationSupportsIndirectInputEvents = YES;
				INFOPLIST_KEY_UILaunchStoryboardName = LaunchScreen;
				INFOPLIST_KEY_UISupportedInterfaceOrientations_iPad = "UIInterfaceOrientationPortrait UIInterfaceOrientationPortraitUpsideDown UIInterfaceOrientationLandscapeLeft UIInterfaceOrientationLandscapeRight";
				INFOPLIST_KEY_UISupportedInterfaceOrientations_iPhone = "UIInterfaceOrientationPortrait UIInterfaceOrientationLandscapeLeft UIInterfaceOrientationLandscapeRight";
				LD_RUNPATH_SEARCH_PATHS = (
					"$(inherited)",
					"@executable_path/Frameworks",
				);
				MARKETING_VERSION = 1.0;
				PRODUCT_BUNDLE_IDENTIFIER = com.hanko.Werdd;
				PRODUCT_NAME = "$(TARGET_NAME)";
				SWIFT_EMIT_LOC_STRINGS = YES;
				SWIFT_VERSION = 5.0;
				TARGETED_DEVICE_FAMILY = "1,2";
			};
			name = Release;
		};
/* End XCBuildConfiguration section */

/* Begin XCConfigurationList section */
		AE5ABCBB27C46B740074E50C /* Build configuration list for PBXProject "Werdd" */ = {
			isa = XCConfigurationList;
			buildConfigurations = (
				AE5ABCD227C46B770074E50C /* Debug */,
				AE5ABCD327C46B770074E50C /* Release */,
			);
			defaultConfigurationIsVisible = 0;
			defaultConfigurationName = Release;
		};
		AE5ABCD427C46B770074E50C /* Build configuration list for PBXNativeTarget "Werdd" */ = {
			isa = XCConfigurationList;
			buildConfigurations = (
				AE5ABCD527C46B770074E50C /* Debug */,
				AE5ABCD627C46B770074E50C /* Release */,
			);
			defaultConfigurationIsVisible = 0;
			defaultConfigurationName = Release;
		};
/* End XCConfigurationList section */
	};
	rootObject = AE5ABCB827C46B740074E50C /* Project object */;
}
