// !$*UTF8*$!
{
	archiveVersion = 1;
	classes = {
	};
	objectVersion = 55;
	objects = {

/* Begin PBXBuildFile section */
		AE535C6927B20F6400B307A2 /* AppDelegate.swift in Sources */ = {isa = PBXBuildFile; fileRef = AE535C6827B20F6400B307A2 /* AppDelegate.swift */; };
		AE535C6B27B20F6400B307A2 /* SceneDelegate.swift in Sources */ = {isa = PBXBuildFile; fileRef = AE535C6A27B20F6400B307A2 /* SceneDelegate.swift */; };
		AE535C6D27B20F6400B307A2 /* HomeViewController.swift in Sources */ = {isa = PBXBuildFile; fileRef = AE535C6C27B20F6400B307A2 /* HomeViewController.swift */; };
		AE535C7227B20F6600B307A2 /* Assets.xcassets in Resources */ = {isa = PBXBuildFile; fileRef = AE535C7127B20F6600B307A2 /* Assets.xcassets */; };
		AE535C7527B20F6600B307A2 /* LaunchScreen.storyboard in Resources */ = {isa = PBXBuildFile; fileRef = AE535C7327B20F6600B307A2 /* LaunchScreen.storyboard */; };
		AE5ABCE627C4781B0074E50C /* Rubik-SemiBold.ttf in Resources */ = {isa = PBXBuildFile; fileRef = AE5ABCE227C4781B0074E50C /* Rubik-SemiBold.ttf */; };
		AE5ABCE727C4781C0074E50C /* Rubik-Bold.ttf in Resources */ = {isa = PBXBuildFile; fileRef = AE5ABCE327C4781B0074E50C /* Rubik-Bold.ttf */; };
		AE5ABCE827C4781C0074E50C /* Rubik-Light.ttf in Resources */ = {isa = PBXBuildFile; fileRef = AE5ABCE427C4781B0074E50C /* Rubik-Light.ttf */; };
		AE5ABCE927C4781C0074E50C /* Rubik-Regular.ttf in Resources */ = {isa = PBXBuildFile; fileRef = AE5ABCE527C4781B0074E50C /* Rubik-Regular.ttf */; };
		AE5ABCEB27C49ECB0074E50C /* RoundedViewWithColor.swift in Sources */ = {isa = PBXBuildFile; fileRef = AE5ABCEA27C49ECB0074E50C /* RoundedViewWithColor.swift */; };
		AE5ABCED27C49EFC0074E50C /* RefreshButton.swift in Sources */ = {isa = PBXBuildFile; fileRef = AE5ABCEC27C49EFC0074E50C /* RefreshButton.swift */; };
		AEECFA6C27B8C43A0018E146 /* Word.swift in Sources */ = {isa = PBXBuildFile; fileRef = AEECFA6B27B8C43A0018E146 /* Word.swift */; };
		F32319C0280BA3C8002926C7 /* DefinitionDetailsViewController.swift in Sources */ = {isa = PBXBuildFile; fileRef = F32319BF280BA3C8002926C7 /* DefinitionDetailsViewController.swift */; };
		F32319C2280BA624002926C7 /* WordsDataSource.swift in Sources */ = {isa = PBXBuildFile; fileRef = F32319C1280BA624002926C7 /* WordsDataSource.swift */; };
		F32319C4280E01D9002926C7 /* WordDetailsView.swift in Sources */ = {isa = PBXBuildFile; fileRef = F32319C3280E01D9002926C7 /* WordDetailsView.swift */; };
		F32319C6280E02F1002926C7 /* Rubik-SemiBoldItalic.ttf in Resources */ = {isa = PBXBuildFile; fileRef = F32319C5280E02F1002926C7 /* Rubik-SemiBoldItalic.ttf */; };
		F3AB29CD27EFF49800AF8B24 /* Rubik-LightItalic.ttf in Resources */ = {isa = PBXBuildFile; fileRef = F3AB29CC27EFF49800AF8B24 /* Rubik-LightItalic.ttf */; };
		F3B9B13927E8236500FE7DE1 /* WordCollectionViewCell.swift in Sources */ = {isa = PBXBuildFile; fileRef = F3B9B13827E8236500FE7DE1 /* WordCollectionViewCell.swift */; };
/* End PBXBuildFile section */

/* Begin PBXFileReference section */
		AE535C6527B20F6400B307A2 /* Werdd.app */ = {isa = PBXFileReference; explicitFileType = wrapper.application; includeInIndex = 0; path = Werdd.app; sourceTree = BUILT_PRODUCTS_DIR; };
		AE535C6827B20F6400B307A2 /* AppDelegate.swift */ = {isa = PBXFileReference; lastKnownFileType = sourcecode.swift; path = AppDelegate.swift; sourceTree = "<group>"; };
		AE535C6A27B20F6400B307A2 /* SceneDelegate.swift */ = {isa = PBXFileReference; lastKnownFileType = sourcecode.swift; path = SceneDelegate.swift; sourceTree = "<group>"; };
		AE535C6C27B20F6400B307A2 /* HomeViewController.swift */ = {isa = PBXFileReference; lastKnownFileType = sourcecode.swift; path = HomeViewController.swift; sourceTree = "<group>"; };
		AE535C7127B20F6600B307A2 /* Assets.xcassets */ = {isa = PBXFileReference; lastKnownFileType = folder.assetcatalog; path = Assets.xcassets; sourceTree = "<group>"; };
		AE535C7427B20F6600B307A2 /* Base */ = {isa = PBXFileReference; lastKnownFileType = file.storyboard; name = Base; path = Base.lproj/LaunchScreen.storyboard; sourceTree = "<group>"; };
		AE535C7627B20F6600B307A2 /* Info.plist */ = {isa = PBXFileReference; lastKnownFileType = text.plist.xml; path = Info.plist; sourceTree = "<group>"; };
		AE5ABCE227C4781B0074E50C /* Rubik-SemiBold.ttf */ = {isa = PBXFileReference; lastKnownFileType = file; path = "Rubik-SemiBold.ttf"; sourceTree = "<group>"; };
		AE5ABCE327C4781B0074E50C /* Rubik-Bold.ttf */ = {isa = PBXFileReference; lastKnownFileType = file; path = "Rubik-Bold.ttf"; sourceTree = "<group>"; };
		AE5ABCE427C4781B0074E50C /* Rubik-Light.ttf */ = {isa = PBXFileReference; lastKnownFileType = file; path = "Rubik-Light.ttf"; sourceTree = "<group>"; };
		AE5ABCE527C4781B0074E50C /* Rubik-Regular.ttf */ = {isa = PBXFileReference; lastKnownFileType = file; path = "Rubik-Regular.ttf"; sourceTree = "<group>"; };
		AE5ABCEA27C49ECB0074E50C /* RoundedViewWithColor.swift */ = {isa = PBXFileReference; lastKnownFileType = sourcecode.swift; path = RoundedViewWithColor.swift; sourceTree = "<group>"; };
		AE5ABCEC27C49EFC0074E50C /* RefreshButton.swift */ = {isa = PBXFileReference; lastKnownFileType = sourcecode.swift; path = RefreshButton.swift; sourceTree = "<group>"; };
		AEECFA6B27B8C43A0018E146 /* Word.swift */ = {isa = PBXFileReference; lastKnownFileType = sourcecode.swift; path = Word.swift; sourceTree = "<group>"; };
		F32319BF280BA3C8002926C7 /* DefinitionDetailsViewController.swift */ = {isa = PBXFileReference; lastKnownFileType = sourcecode.swift; path = DefinitionDetailsViewController.swift; sourceTree = "<group>"; };
		F32319C1280BA624002926C7 /* WordsDataSource.swift */ = {isa = PBXFileReference; lastKnownFileType = sourcecode.swift; path = WordsDataSource.swift; sourceTree = "<group>"; };
		F32319C3280E01D9002926C7 /* WordDetailsView.swift */ = {isa = PBXFileReference; lastKnownFileType = sourcecode.swift; path = WordDetailsView.swift; sourceTree = "<group>"; };
		F32319C5280E02F1002926C7 /* Rubik-SemiBoldItalic.ttf */ = {isa = PBXFileReference; lastKnownFileType = file; path = "Rubik-SemiBoldItalic.ttf"; sourceTree = "<group>"; };
		F3AB29CC27EFF49800AF8B24 /* Rubik-LightItalic.ttf */ = {isa = PBXFileReference; lastKnownFileType = file; path = "Rubik-LightItalic.ttf"; sourceTree = "<group>"; };
		F3B9B13827E8236500FE7DE1 /* WordCollectionViewCell.swift */ = {isa = PBXFileReference; lastKnownFileType = sourcecode.swift; path = WordCollectionViewCell.swift; sourceTree = "<group>"; };
/* End PBXFileReference section */

/* Begin PBXFrameworksBuildPhase section */
		AE535C6227B20F6400B307A2 /* Frameworks */ = {
			isa = PBXFrameworksBuildPhase;
			buildActionMask = 2147483647;
			files = (
			);
			runOnlyForDeploymentPostprocessing = 0;
		};
/* End PBXFrameworksBuildPhase section */

/* Begin PBXGroup section */
		AE535C5C27B20F6400B307A2 = {
			isa = PBXGroup;
			children = (
				AE535C6727B20F6400B307A2 /* Werdd */,
				AE535C6627B20F6400B307A2 /* Products */,
			);
			sourceTree = "<group>";
		};
		AE535C6627B20F6400B307A2 /* Products */ = {
			isa = PBXGroup;
			children = (
				AE535C6527B20F6400B307A2 /* Werdd.app */,
			);
			name = Products;
			sourceTree = "<group>";
		};
		AE535C6727B20F6400B307A2 /* Werdd */ = {
			isa = PBXGroup;
			children = (
				AE5ABCE127C478090074E50C /* Rubik */,
				AE535C6C27B20F6400B307A2 /* HomeViewController.swift */,
				F32319BF280BA3C8002926C7 /* DefinitionDetailsViewController.swift */,
				F32319C3280E01D9002926C7 /* WordDetailsView.swift */,
				F32319C1280BA624002926C7 /* WordsDataSource.swift */,
				F3B9B13827E8236500FE7DE1 /* WordCollectionViewCell.swift */,
				AE5ABCEA27C49ECB0074E50C /* RoundedViewWithColor.swift */,
				AE5ABCEC27C49EFC0074E50C /* RefreshButton.swift */,
				AEECFA6B27B8C43A0018E146 /* Word.swift */,
				AE535C6827B20F6400B307A2 /* AppDelegate.swift */,
				AE535C6A27B20F6400B307A2 /* SceneDelegate.swift */,
				AE535C7127B20F6600B307A2 /* Assets.xcassets */,
				AE535C7627B20F6600B307A2 /* Info.plist */,
				AE535C7327B20F6600B307A2 /* LaunchScreen.storyboard */,
			);
			path = Werdd;
			sourceTree = "<group>";
		};
		AE5ABCE127C478090074E50C /* Rubik */ = {
			isa = PBXGroup;
			children = (
				AE5ABCE327C4781B0074E50C /* Rubik-Bold.ttf */,
				AE5ABCE427C4781B0074E50C /* Rubik-Light.ttf */,
				F3AB29CC27EFF49800AF8B24 /* Rubik-LightItalic.ttf */,
				AE5ABCE527C4781B0074E50C /* Rubik-Regular.ttf */,
				AE5ABCE227C4781B0074E50C /* Rubik-SemiBold.ttf */,
				F32319C5280E02F1002926C7 /* Rubik-SemiBoldItalic.ttf */,
			);
			path = Rubik;
			sourceTree = "<group>";
		};
/* End PBXGroup section */

/* Begin PBXNativeTarget section */
		AE535C6427B20F6400B307A2 /* Werdd */ = {
			isa = PBXNativeTarget;
			buildConfigurationList = AE535C7927B20F6600B307A2 /* Build configuration list for PBXNativeTarget "Werdd" */;
			buildPhases = (
				AE535C6127B20F6400B307A2 /* Sources */,
				AE535C6227B20F6400B307A2 /* Frameworks */,
				AE535C6327B20F6400B307A2 /* Resources */,
			);
			buildRules = (
			);
			dependencies = (
			);
			name = Werdd;
			productName = Werdd.;
			productReference = AE535C6527B20F6400B307A2 /* Werdd.app */;
			productType = "com.apple.product-type.application";
		};
/* End PBXNativeTarget section */

/* Begin PBXProject section */
		AE535C5D27B20F6400B307A2 /* Project object */ = {
			isa = PBXProject;
			attributes = {
				BuildIndependentTargetsInParallel = 1;
				LastSwiftUpdateCheck = 1320;
				LastUpgradeCheck = 1320;
				TargetAttributes = {
					AE535C6427B20F6400B307A2 = {
						CreatedOnToolsVersion = 13.2.1;
					};
				};
			};
			buildConfigurationList = AE535C6027B20F6400B307A2 /* Build configuration list for PBXProject "Werdd" */;
			compatibilityVersion = "Xcode 13.0";
			developmentRegion = en;
			hasScannedForEncodings = 0;
			knownRegions = (
				en,
				Base,
			);
			mainGroup = AE535C5C27B20F6400B307A2;
			productRefGroup = AE535C6627B20F6400B307A2 /* Products */;
			projectDirPath = "";
			projectRoot = "";
			targets = (
				AE535C6427B20F6400B307A2 /* Werdd */,
			);
		};
/* End PBXProject section */

/* Begin PBXResourcesBuildPhase section */
		AE535C6327B20F6400B307A2 /* Resources */ = {
			isa = PBXResourcesBuildPhase;
			buildActionMask = 2147483647;
			files = (
				AE5ABCE627C4781B0074E50C /* Rubik-SemiBold.ttf in Resources */,
				AE5ABCE927C4781C0074E50C /* Rubik-Regular.ttf in Resources */,
				F3AB29CD27EFF49800AF8B24 /* Rubik-LightItalic.ttf in Resources */,
				F32319C6280E02F1002926C7 /* Rubik-SemiBoldItalic.ttf in Resources */,
				AE5ABCE727C4781C0074E50C /* Rubik-Bold.ttf in Resources */,
				AE5ABCE827C4781C0074E50C /* Rubik-Light.ttf in Resources */,
				AE535C7527B20F6600B307A2 /* LaunchScreen.storyboard in Resources */,
				AE535C7227B20F6600B307A2 /* Assets.xcassets in Resources */,
			);
			runOnlyForDeploymentPostprocessing = 0;
		};
/* End PBXResourcesBuildPhase section */

/* Begin PBXSourcesBuildPhase section */
		AE535C6127B20F6400B307A2 /* Sources */ = {
			isa = PBXSourcesBuildPhase;
			buildActionMask = 2147483647;
			files = (
				AE535C6D27B20F6400B307A2 /* HomeViewController.swift in Sources */,
				AE5ABCED27C49EFC0074E50C /* RefreshButton.swift in Sources */,
				AEECFA6C27B8C43A0018E146 /* Word.swift in Sources */,
				AE5ABCEB27C49ECB0074E50C /* RoundedViewWithColor.swift in Sources */,
				F3B9B13927E8236500FE7DE1 /* WordCollectionViewCell.swift in Sources */,
				F32319C2280BA624002926C7 /* WordsDataSource.swift in Sources */,
				AE535C6927B20F6400B307A2 /* AppDelegate.swift in Sources */,
				F32319C4280E01D9002926C7 /* WordDetailsView.swift in Sources */,
				F32319C0280BA3C8002926C7 /* DefinitionDetailsViewController.swift in Sources */,
				AE535C6B27B20F6400B307A2 /* SceneDelegate.swift in Sources */,
			);
			runOnlyForDeploymentPostprocessing = 0;
		};
/* End PBXSourcesBuildPhase section */

/* Begin PBXVariantGroup section */
		AE535C7327B20F6600B307A2 /* LaunchScreen.storyboard */ = {
			isa = PBXVariantGroup;
			children = (
				AE535C7427B20F6600B307A2 /* Base */,
			);
			name = LaunchScreen.storyboard;
			sourceTree = "<group>";
		};
/* End PBXVariantGroup section */

/* Begin XCBuildConfiguration section */
		AE535C7727B20F6600B307A2 /* Debug */ = {
			isa = XCBuildConfiguration;
			buildSettings = {
				ALWAYS_SEARCH_USER_PATHS = NO;
				CLANG_ANALYZER_NONNULL = YES;
				CLANG_ANALYZER_NUMBER_OBJECT_CONVERSION = YES_AGGRESSIVE;
				CLANG_CXX_LANGUAGE_STANDARD = "gnu++17";
				CLANG_CXX_LIBRARY = "libc++";
				CLANG_ENABLE_MODULES = YES;
				CLANG_ENABLE_OBJC_ARC = YES;
				CLANG_ENABLE_OBJC_WEAK = YES;
				CLANG_WARN_BLOCK_CAPTURE_AUTORELEASING = YES;
				CLANG_WARN_BOOL_CONVERSION = YES;
				CLANG_WARN_COMMA = YES;
				CLANG_WARN_CONSTANT_CONVERSION = YES;
				CLANG_WARN_DEPRECATED_OBJC_IMPLEMENTATIONS = YES;
				CLANG_WARN_DIRECT_OBJC_ISA_USAGE = YES_ERROR;
				CLANG_WARN_DOCUMENTATION_COMMENTS = YES;
				CLANG_WARN_EMPTY_BODY = YES;
				CLANG_WARN_ENUM_CONVERSION = YES;
				CLANG_WARN_INFINITE_RECURSION = YES;
				CLANG_WARN_INT_CONVERSION = YES;
				CLANG_WARN_NON_LITERAL_NULL_CONVERSION = YES;
				CLANG_WARN_OBJC_IMPLICIT_RETAIN_SELF = YES;
				CLANG_WARN_OBJC_LITERAL_CONVERSION = YES;
				CLANG_WARN_OBJC_ROOT_CLASS = YES_ERROR;
				CLANG_WARN_QUOTED_INCLUDE_IN_FRAMEWORK_HEADER = YES;
				CLANG_WARN_RANGE_LOOP_ANALYSIS = YES;
				CLANG_WARN_STRICT_PROTOTYPES = YES;
				CLANG_WARN_SUSPICIOUS_MOVE = YES;
				CLANG_WARN_UNGUARDED_AVAILABILITY = YES_AGGRESSIVE;
				CLANG_WARN_UNREACHABLE_CODE = YES;
				CLANG_WARN__DUPLICATE_METHOD_MATCH = YES;
				COPY_PHASE_STRIP = NO;
				DEBUG_INFORMATION_FORMAT = dwarf;
				ENABLE_STRICT_OBJC_MSGSEND = YES;
				ENABLE_TESTABILITY = YES;
				GCC_C_LANGUAGE_STANDARD = gnu11;
				GCC_DYNAMIC_NO_PIC = NO;
				GCC_NO_COMMON_BLOCKS = YES;
				GCC_OPTIMIZATION_LEVEL = 0;
				GCC_PREPROCESSOR_DEFINITIONS = (
					"DEBUG=1",
					"$(inherited)",
				);
				GCC_WARN_64_TO_32_BIT_CONVERSION = YES;
				GCC_WARN_ABOUT_RETURN_TYPE = YES_ERROR;
				GCC_WARN_UNDECLARED_SELECTOR = YES;
				GCC_WARN_UNINITIALIZED_AUTOS = YES_AGGRESSIVE;
				GCC_WARN_UNUSED_FUNCTION = YES;
				GCC_WARN_UNUSED_VARIABLE = YES;
				IPHONEOS_DEPLOYMENT_TARGET = 15.2;
				MTL_ENABLE_DEBUG_INFO = INCLUDE_SOURCE;
				MTL_FAST_MATH = YES;
				ONLY_ACTIVE_ARCH = YES;
				SDKROOT = iphoneos;
				SWIFT_ACTIVE_COMPILATION_CONDITIONS = DEBUG;
				SWIFT_OPTIMIZATION_LEVEL = "-Onone";
			};
			name = Debug;
		};
		AE535C7827B20F6600B307A2 /* Release */ = {
			isa = XCBuildConfiguration;
			buildSettings = {
				ALWAYS_SEARCH_USER_PATHS = NO;
				CLANG_ANALYZER_NONNULL = YES;
				CLANG_ANALYZER_NUMBER_OBJECT_CONVERSION = YES_AGGRESSIVE;
				CLANG_CXX_LANGUAGE_STANDARD = "gnu++17";
				CLANG_CXX_LIBRARY = "libc++";
				CLANG_ENABLE_MODULES = YES;
				CLANG_ENABLE_OBJC_ARC = YES;
				CLANG_ENABLE_OBJC_WEAK = YES;
				CLANG_WARN_BLOCK_CAPTURE_AUTORELEASING = YES;
				CLANG_WARN_BOOL_CONVERSION = YES;
				CLANG_WARN_COMMA = YES;
				CLANG_WARN_CONSTANT_CONVERSION = YES;
				CLANG_WARN_DEPRECATED_OBJC_IMPLEMENTATIONS = YES;
				CLANG_WARN_DIRECT_OBJC_ISA_USAGE = YES_ERROR;
				CLANG_WARN_DOCUMENTATION_COMMENTS = YES;
				CLANG_WARN_EMPTY_BODY = YES;
				CLANG_WARN_ENUM_CONVERSION = YES;
				CLANG_WARN_INFINITE_RECURSION = YES;
				CLANG_WARN_INT_CONVERSION = YES;
				CLANG_WARN_NON_LITERAL_NULL_CONVERSION = YES;
				CLANG_WARN_OBJC_IMPLICIT_RETAIN_SELF = YES;
				CLANG_WARN_OBJC_LITERAL_CONVERSION = YES;
				CLANG_WARN_OBJC_ROOT_CLASS = YES_ERROR;
				CLANG_WARN_QUOTED_INCLUDE_IN_FRAMEWORK_HEADER = YES;
				CLANG_WARN_RANGE_LOOP_ANALYSIS = YES;
				CLANG_WARN_STRICT_PROTOTYPES = YES;
				CLANG_WARN_SUSPICIOUS_MOVE = YES;
				CLANG_WARN_UNGUARDED_AVAILABILITY = YES_AGGRESSIVE;
				CLANG_WARN_UNREACHABLE_CODE = YES;
				CLANG_WARN__DUPLICATE_METHOD_MATCH = YES;
				COPY_PHASE_STRIP = NO;
				DEBUG_INFORMATION_FORMAT = "dwarf-with-dsym";
				ENABLE_NS_ASSERTIONS = NO;
				ENABLE_STRICT_OBJC_MSGSEND = YES;
				GCC_C_LANGUAGE_STANDARD = gnu11;
				GCC_NO_COMMON_BLOCKS = YES;
				GCC_WARN_64_TO_32_BIT_CONVERSION = YES;
				GCC_WARN_ABOUT_RETURN_TYPE = YES_ERROR;
				GCC_WARN_UNDECLARED_SELECTOR = YES;
				GCC_WARN_UNINITIALIZED_AUTOS = YES_AGGRESSIVE;
				GCC_WARN_UNUSED_FUNCTION = YES;
				GCC_WARN_UNUSED_VARIABLE = YES;
				IPHONEOS_DEPLOYMENT_TARGET = 15.2;
				MTL_ENABLE_DEBUG_INFO = NO;
				MTL_FAST_MATH = YES;
				SDKROOT = iphoneos;
				SWIFT_COMPILATION_MODE = wholemodule;
				SWIFT_OPTIMIZATION_LEVEL = "-O";
				VALIDATE_PRODUCT = YES;
			};
			name = Release;
		};
		AE535C7A27B20F6600B307A2 /* Debug */ = {
			isa = XCBuildConfiguration;
			buildSettings = {
				ASSETCATALOG_COMPILER_APPICON_NAME = AppIcon;
				ASSETCATALOG_COMPILER_GLOBAL_ACCENT_COLOR_NAME = AccentColor;
				CODE_SIGN_STYLE = Automatic;
				CURRENT_PROJECT_VERSION = 1;
				DEVELOPMENT_TEAM = C62Y8SVBJ2;
				GENERATE_INFOPLIST_FILE = YES;
				INFOPLIST_FILE = Werdd/Info.plist;
				INFOPLIST_KEY_UIApplicationSupportsIndirectInputEvents = YES;
				INFOPLIST_KEY_UILaunchStoryboardName = LaunchScreen;
				INFOPLIST_KEY_UISupportedInterfaceOrientations_iPad = "UIInterfaceOrientationPortrait UIInterfaceOrientationPortraitUpsideDown UIInterfaceOrientationLandscapeLeft UIInterfaceOrientationLandscapeRight";
				INFOPLIST_KEY_UISupportedInterfaceOrientations_iPhone = "UIInterfaceOrientationPortrait UIInterfaceOrientationLandscapeLeft UIInterfaceOrientationLandscapeRight";
				LD_RUNPATH_SEARCH_PATHS = (
					"$(inherited)",
					"@executable_path/Frameworks",
				);
				MARKETING_VERSION = 1.0;
				PRODUCT_BUNDLE_IDENTIFIER = "com.hanko.Werdd-";
				PRODUCT_NAME = "$(TARGET_NAME)";
				SWIFT_EMIT_LOC_STRINGS = YES;
				SWIFT_VERSION = 5.0;
				TARGETED_DEVICE_FAMILY = "1,2";
			};
			name = Debug;
		};
		AE535C7B27B20F6600B307A2 /* Release */ = {
			isa = XCBuildConfiguration;
			buildSettings = {
				ASSETCATALOG_COMPILER_APPICON_NAME = AppIcon;
				ASSETCATALOG_COMPILER_GLOBAL_ACCENT_COLOR_NAME = AccentColor;
				CODE_SIGN_STYLE = Automatic;
				CURRENT_PROJECT_VERSION = 1;
				DEVELOPMENT_TEAM = C62Y8SVBJ2;
				GENERATE_INFOPLIST_FILE = YES;
				INFOPLIST_FILE = Werdd/Info.plist;
				INFOPLIST_KEY_UIApplicationSupportsIndirectInputEvents = YES;
				INFOPLIST_KEY_UILaunchStoryboardName = LaunchScreen;
				INFOPLIST_KEY_UISupportedInterfaceOrientations_iPad = "UIInterfaceOrientationPortrait UIInterfaceOrientationPortraitUpsideDown UIInterfaceOrientationLandscapeLeft UIInterfaceOrientationLandscapeRight";
				INFOPLIST_KEY_UISupportedInterfaceOrientations_iPhone = "UIInterfaceOrientationPortrait UIInterfaceOrientationLandscapeLeft UIInterfaceOrientationLandscapeRight";
				LD_RUNPATH_SEARCH_PATHS = (
					"$(inherited)",
					"@executable_path/Frameworks",
				);
				MARKETING_VERSION = 1.0;
				PRODUCT_BUNDLE_IDENTIFIER = "com.hanko.Werdd-";
				PRODUCT_NAME = "$(TARGET_NAME)";
				SWIFT_EMIT_LOC_STRINGS = YES;
				SWIFT_VERSION = 5.0;
				TARGETED_DEVICE_FAMILY = "1,2";
			};
			name = Release;
		};
/* End XCBuildConfiguration section */

/* Begin XCConfigurationList section */
		AE535C6027B20F6400B307A2 /* Build configuration list for PBXProject "Werdd" */ = {
			isa = XCConfigurationList;
			buildConfigurations = (
				AE535C7727B20F6600B307A2 /* Debug */,
				AE535C7827B20F6600B307A2 /* Release */,
			);
			defaultConfigurationIsVisible = 0;
			defaultConfigurationName = Release;
		};
		AE535C7927B20F6600B307A2 /* Build configuration list for PBXNativeTarget "Werdd" */ = {
			isa = XCConfigurationList;
			buildConfigurations = (
				AE535C7A27B20F6600B307A2 /* Debug */,
				AE535C7B27B20F6600B307A2 /* Release */,
			);
			defaultConfigurationIsVisible = 0;
			defaultConfigurationName = Release;
		};
/* End XCConfigurationList section */
	};
	rootObject = AE535C5D27B20F6400B307A2 /* Project object */;
}
